
Microsoft Visual Studio Solution File, Format Version 12.00
# Visual Studio Version 17
VisualStudioVersion = 17.7.34221.43
MinimumVisualStudioVersion = 10.0.40219.1
Project("{FAE04EC0-301F-11D3-BF4B-00C04F79EFBC}") = "Mod3", "Mod3\Mod3.csproj", "{6939D572-C455-47C2-A890-1F3A4D73E6DE}"
EndProject
Global
	GlobalSection(SolutionConfigurationPlatforms) = preSolution
		Debug|Any CPU = Debug|Any CPU
		Release|Any CPU = Release|Any CPU
	EndGlobalSection
	GlobalSection(ProjectConfigurationPlatforms) = postSolution
		{6939D572-C455-47C2-A890-1F3A4D73E6DE}.Debug|Any CPU.ActiveCfg = Debug|Any CPU
		{6939D572-C455-47C2-A890-1F3A4D73E6DE}.Debug|Any CPU.Build.0 = Debug|Any CPU
		{6939D572-C455-47C2-A890-1F3A4D73E6DE}.Release|Any CPU.ActiveCfg = Release|Any CPU
		{6939D572-C455-47C2-A890-1F3A4D73E6DE}.Release|Any CPU.Build.0 = Release|Any CPU
	EndGlobalSection
	GlobalSection(SolutionProperties) = preSolution
		HideSolutionNode = FALSE
	EndGlobalSection
	GlobalSection(ExtensibilityGlobals) = postSolution
		SolutionGuid = {88B8AE20-F709-4A95-8700-E01FA95D0266}
	EndGlobalSection
EndGlobal
